
Microsoft Visual Studio Solution File, Format Version 12.00
# Visual Studio 15
VisualStudioVersion = 15.0.27703.2047
MinimumVisualStudioVersion = 10.0.40219.1
Project("{FAE04EC0-301F-11D3-BF4B-00C04F79EFBC}") = "DbAccess.NET", "DbAccess.NET\DbAccess.NET.csproj", "{1EE10ECB-C975-4D57-AB46-24918C55DB79}"
EndProject
Project("{FAE04EC0-301F-11D3-BF4B-00C04F79EFBC}") = "DbAccessTest", "DbAccessTest\DbAccessTest.csproj", "{657E591C-DB1D-4CB8-9131-D57F3674DC87}"
EndProject
Global
	GlobalSection(SolutionConfigurationPlatforms) = preSolution
		Debug|Any CPU = Debug|Any CPU
		Release|Any CPU = Release|Any CPU
	EndGlobalSection
	GlobalSection(ProjectConfigurationPlatforms) = postSolution
		{1EE10ECB-C975-4D57-AB46-24918C55DB79}.Debug|Any CPU.ActiveCfg = Debug|Any CPU
		{1EE10ECB-C975-4D57-AB46-24918C55DB79}.Debug|Any CPU.Build.0 = Debug|Any CPU
		{1EE10ECB-C975-4D57-AB46-24918C55DB79}.Release|Any CPU.ActiveCfg = Release|Any CPU
		{1EE10ECB-C975-4D57-AB46-24918C55DB79}.Release|Any CPU.Build.0 = Release|Any CPU
		{657E591C-DB1D-4CB8-9131-D57F3674DC87}.Debug|Any CPU.ActiveCfg = Debug|Any CPU
		{657E591C-DB1D-4CB8-9131-D57F3674DC87}.Debug|Any CPU.Build.0 = Debug|Any CPU
		{657E591C-DB1D-4CB8-9131-D57F3674DC87}.Release|Any CPU.ActiveCfg = Release|Any CPU
		{657E591C-DB1D-4CB8-9131-D57F3674DC87}.Release|Any CPU.Build.0 = Release|Any CPU
	EndGlobalSection
	GlobalSection(SolutionProperties) = preSolution
		HideSolutionNode = FALSE
	EndGlobalSection
	GlobalSection(ExtensibilityGlobals) = postSolution
		SolutionGuid = {FBC3C36F-915D-4781-9226-D6523F34F5DB}
	EndGlobalSection
EndGlobal
